// !$*UTF8*$!
{
	archiveVersion = 1;
	classes = {
	};
	objectVersion = 50;
	objects = {

/* Begin PBXBuildFile section */
		521DF7C623BEA47A00B275A9 /* AppDelegate.swift in Sources */ = {isa = PBXBuildFile; fileRef = 521DF7C523BEA47A00B275A9 /* AppDelegate.swift */; };
		521DF7C823BEA47A00B275A9 /* SceneDelegate.swift in Sources */ = {isa = PBXBuildFile; fileRef = 521DF7C723BEA47A00B275A9 /* SceneDelegate.swift */; };
		521DF7CC23BEA47B00B275A9 /* Assets.xcassets in Resources */ = {isa = PBXBuildFile; fileRef = 521DF7CB23BEA47B00B275A9 /* Assets.xcassets */; };
		521DF7CF23BEA47B00B275A9 /* Preview Assets.xcassets in Resources */ = {isa = PBXBuildFile; fileRef = 521DF7CE23BEA47B00B275A9 /* Preview Assets.xcassets */; };
		521DF7D223BEA47B00B275A9 /* LaunchScreen.storyboard in Resources */ = {isa = PBXBuildFile; fileRef = 521DF7D023BEA47B00B275A9 /* LaunchScreen.storyboard */; };
		521DF7DD23BEA47B00B275A9 /* PetMyPetTests.swift in Sources */ = {isa = PBXBuildFile; fileRef = 521DF7DC23BEA47B00B275A9 /* PetMyPetTests.swift */; };
		521DF7EA23BEB00E00B275A9 /* BaseCoordinator.swift in Sources */ = {isa = PBXBuildFile; fileRef = 521DF7E923BEB00E00B275A9 /* BaseCoordinator.swift */; };
		521DF7EC23BEB02A00B275A9 /* Coordinator.swift in Sources */ = {isa = PBXBuildFile; fileRef = 521DF7EB23BEB02A00B275A9 /* Coordinator.swift */; };
		521DF7EE23BEB04000B275A9 /* AppCoordinator.swift in Sources */ = {isa = PBXBuildFile; fileRef = 521DF7ED23BEB04000B275A9 /* AppCoordinator.swift */; };
		521DF7F823BEB3E700B275A9 /* HomeCoordinator.swift in Sources */ = {isa = PBXBuildFile; fileRef = 521DF7F723BEB3E700B275A9 /* HomeCoordinator.swift */; };
		521DF7FA23BEB4C500B275A9 /* HomeCoordinatorDelegate.swift in Sources */ = {isa = PBXBuildFile; fileRef = 521DF7F923BEB4C500B275A9 /* HomeCoordinatorDelegate.swift */; };
		521DF7FC23BEB50000B275A9 /* HomeViewModel.swift in Sources */ = {isa = PBXBuildFile; fileRef = 521DF7FB23BEB50000B275A9 /* HomeViewModel.swift */; };
		521DF7FF23BEB53E00B275A9 /* HomeViewController.swift in Sources */ = {isa = PBXBuildFile; fileRef = 521DF7FD23BEB53E00B275A9 /* HomeViewController.swift */; };
		521DF80023BEB53E00B275A9 /* HomeViewController.xib in Resources */ = {isa = PBXBuildFile; fileRef = 521DF7FE23BEB53E00B275A9 /* HomeViewController.xib */; };
		52223ED223C3EE24004E9B4B /* SettingsCoordinator.swift in Sources */ = {isa = PBXBuildFile; fileRef = 52223ED123C3EE24004E9B4B /* SettingsCoordinator.swift */; };
		52223ED423C3EE35004E9B4B /* SettingsCoordinatorDelegate.swift in Sources */ = {isa = PBXBuildFile; fileRef = 52223ED323C3EE35004E9B4B /* SettingsCoordinatorDelegate.swift */; };
		52223ED623C3EEBC004E9B4B /* SettingsViewModel.swift in Sources */ = {isa = PBXBuildFile; fileRef = 52223ED523C3EEBC004E9B4B /* SettingsViewModel.swift */; };
		52223ED923C3EED9004E9B4B /* SettingsViewController.swift in Sources */ = {isa = PBXBuildFile; fileRef = 52223ED723C3EED9004E9B4B /* SettingsViewController.swift */; };
		52223EDA23C3EED9004E9B4B /* SettingsViewController.xib in Resources */ = {isa = PBXBuildFile; fileRef = 52223ED823C3EED9004E9B4B /* SettingsViewController.xib */; };
		5233276423C6B48900ED014E /* LoginCoordinator.swift in Sources */ = {isa = PBXBuildFile; fileRef = 5233276323C6B48900ED014E /* LoginCoordinator.swift */; };
		5233276623C6B4EA00ED014E /* LoginCoordinatorDelegate.swift in Sources */ = {isa = PBXBuildFile; fileRef = 5233276523C6B4EA00ED014E /* LoginCoordinatorDelegate.swift */; };
		5233276823C6B52300ED014E /* LoginViewModel.swift in Sources */ = {isa = PBXBuildFile; fileRef = 5233276723C6B52300ED014E /* LoginViewModel.swift */; };
		5233276B23C6B55B00ED014E /* LoginViewController.swift in Sources */ = {isa = PBXBuildFile; fileRef = 5233276923C6B55B00ED014E /* LoginViewController.swift */; };
		5233276C23C6B55B00ED014E /* LoginViewController.xib in Resources */ = {isa = PBXBuildFile; fileRef = 5233276A23C6B55B00ED014E /* LoginViewController.xib */; };
		5254F03323DA7D1700529AFE /* SwipeableCardView.swift in Sources */ = {isa = PBXBuildFile; fileRef = 5254F03223DA7D1700529AFE /* SwipeableCardView.swift */; };
		5254F03523DA7E7000529AFE /* SwipeableCardView.xib in Resources */ = {isa = PBXBuildFile; fileRef = 5254F03423DA7E6F00529AFE /* SwipeableCardView.xib */; };
		52D757B323F8E8C200DA4589 /* NavigationViewController+Extension.swift in Sources */ = {isa = PBXBuildFile; fileRef = 52D757B223F8E8C200DA4589 /* NavigationViewController+Extension.swift */; };
		52DCEDCB23CEA8C000D5D659 /* UIColor+Utils.swift in Sources */ = {isa = PBXBuildFile; fileRef = 52DCEDCA23CEA8C000D5D659 /* UIColor+Utils.swift */; };
		52EA85C023C959E3000AA80B /* PMPButton.swift in Sources */ = {isa = PBXBuildFile; fileRef = 52EA85BF23C959E3000AA80B /* PMPButton.swift */; };
		52F609F023D699F3005BCA61 /* PMPTextField.swift in Sources */ = {isa = PBXBuildFile; fileRef = 52F609EF23D699F3005BCA61 /* PMPTextField.swift */; };
/* End PBXBuildFile section */

/* Begin PBXContainerItemProxy section */
		521DF7D923BEA47B00B275A9 /* PBXContainerItemProxy */ = {
			isa = PBXContainerItemProxy;
			containerPortal = 521DF7BA23BEA47900B275A9 /* Project object */;
			proxyType = 1;
			remoteGlobalIDString = 521DF7C123BEA47A00B275A9;
			remoteInfo = PetMyPet;
		};
/* End PBXContainerItemProxy section */

/* Begin PBXFileReference section */
		521DF7C223BEA47A00B275A9 /* Pet My Pet.app */ = {isa = PBXFileReference; explicitFileType = wrapper.application; includeInIndex = 0; path = "Pet My Pet.app"; sourceTree = BUILT_PRODUCTS_DIR; };
		521DF7C523BEA47A00B275A9 /* AppDelegate.swift */ = {isa = PBXFileReference; lastKnownFileType = sourcecode.swift; path = AppDelegate.swift; sourceTree = "<group>"; };
		521DF7C723BEA47A00B275A9 /* SceneDelegate.swift */ = {isa = PBXFileReference; lastKnownFileType = sourcecode.swift; path = SceneDelegate.swift; sourceTree = "<group>"; };
		521DF7CB23BEA47B00B275A9 /* Assets.xcassets */ = {isa = PBXFileReference; lastKnownFileType = folder.assetcatalog; path = Assets.xcassets; sourceTree = "<group>"; };
		521DF7CE23BEA47B00B275A9 /* Preview Assets.xcassets */ = {isa = PBXFileReference; lastKnownFileType = folder.assetcatalog; path = "Preview Assets.xcassets"; sourceTree = "<group>"; };
		521DF7D123BEA47B00B275A9 /* Base */ = {isa = PBXFileReference; lastKnownFileType = file.storyboard; name = Base; path = Base.lproj/LaunchScreen.storyboard; sourceTree = "<group>"; };
		521DF7D323BEA47B00B275A9 /* Info.plist */ = {isa = PBXFileReference; lastKnownFileType = text.plist.xml; path = Info.plist; sourceTree = "<group>"; };
		521DF7D823BEA47B00B275A9 /* PetMyPetTests.xctest */ = {isa = PBXFileReference; explicitFileType = wrapper.cfbundle; includeInIndex = 0; path = PetMyPetTests.xctest; sourceTree = BUILT_PRODUCTS_DIR; };
		521DF7DC23BEA47B00B275A9 /* PetMyPetTests.swift */ = {isa = PBXFileReference; lastKnownFileType = sourcecode.swift; path = PetMyPetTests.swift; sourceTree = "<group>"; };
		521DF7DE23BEA47B00B275A9 /* Info.plist */ = {isa = PBXFileReference; lastKnownFileType = text.plist.xml; path = Info.plist; sourceTree = "<group>"; };
		521DF7E923BEB00E00B275A9 /* BaseCoordinator.swift */ = {isa = PBXFileReference; lastKnownFileType = sourcecode.swift; path = BaseCoordinator.swift; sourceTree = "<group>"; };
		521DF7EB23BEB02A00B275A9 /* Coordinator.swift */ = {isa = PBXFileReference; lastKnownFileType = sourcecode.swift; path = Coordinator.swift; sourceTree = "<group>"; };
		521DF7ED23BEB04000B275A9 /* AppCoordinator.swift */ = {isa = PBXFileReference; lastKnownFileType = sourcecode.swift; path = AppCoordinator.swift; sourceTree = "<group>"; };
		521DF7F723BEB3E700B275A9 /* HomeCoordinator.swift */ = {isa = PBXFileReference; lastKnownFileType = sourcecode.swift; path = HomeCoordinator.swift; sourceTree = "<group>"; };
		521DF7F923BEB4C500B275A9 /* HomeCoordinatorDelegate.swift */ = {isa = PBXFileReference; lastKnownFileType = sourcecode.swift; path = HomeCoordinatorDelegate.swift; sourceTree = "<group>"; };
		521DF7FB23BEB50000B275A9 /* HomeViewModel.swift */ = {isa = PBXFileReference; lastKnownFileType = sourcecode.swift; path = HomeViewModel.swift; sourceTree = "<group>"; };
		521DF7FD23BEB53E00B275A9 /* HomeViewController.swift */ = {isa = PBXFileReference; lastKnownFileType = sourcecode.swift; path = HomeViewController.swift; sourceTree = "<group>"; };
		521DF7FE23BEB53E00B275A9 /* HomeViewController.xib */ = {isa = PBXFileReference; lastKnownFileType = file.xib; path = HomeViewController.xib; sourceTree = "<group>"; };
		52223ED123C3EE24004E9B4B /* SettingsCoordinator.swift */ = {isa = PBXFileReference; lastKnownFileType = sourcecode.swift; path = SettingsCoordinator.swift; sourceTree = "<group>"; };
		52223ED323C3EE35004E9B4B /* SettingsCoordinatorDelegate.swift */ = {isa = PBXFileReference; lastKnownFileType = sourcecode.swift; path = SettingsCoordinatorDelegate.swift; sourceTree = "<group>"; };
		52223ED523C3EEBC004E9B4B /* SettingsViewModel.swift */ = {isa = PBXFileReference; lastKnownFileType = sourcecode.swift; path = SettingsViewModel.swift; sourceTree = "<group>"; };
		52223ED723C3EED9004E9B4B /* SettingsViewController.swift */ = {isa = PBXFileReference; lastKnownFileType = sourcecode.swift; path = SettingsViewController.swift; sourceTree = "<group>"; };
		52223ED823C3EED9004E9B4B /* SettingsViewController.xib */ = {isa = PBXFileReference; lastKnownFileType = file.xib; path = SettingsViewController.xib; sourceTree = "<group>"; };
		5233276323C6B48900ED014E /* LoginCoordinator.swift */ = {isa = PBXFileReference; lastKnownFileType = sourcecode.swift; path = LoginCoordinator.swift; sourceTree = "<group>"; };
		5233276523C6B4EA00ED014E /* LoginCoordinatorDelegate.swift */ = {isa = PBXFileReference; lastKnownFileType = sourcecode.swift; path = LoginCoordinatorDelegate.swift; sourceTree = "<group>"; };
		5233276723C6B52300ED014E /* LoginViewModel.swift */ = {isa = PBXFileReference; lastKnownFileType = sourcecode.swift; path = LoginViewModel.swift; sourceTree = "<group>"; };
		5233276923C6B55B00ED014E /* LoginViewController.swift */ = {isa = PBXFileReference; lastKnownFileType = sourcecode.swift; path = LoginViewController.swift; sourceTree = "<group>"; };
		5233276A23C6B55B00ED014E /* LoginViewController.xib */ = {isa = PBXFileReference; lastKnownFileType = file.xib; path = LoginViewController.xib; sourceTree = "<group>"; };
		5254F03223DA7D1700529AFE /* SwipeableCardView.swift */ = {isa = PBXFileReference; lastKnownFileType = sourcecode.swift; path = SwipeableCardView.swift; sourceTree = "<group>"; };
		5254F03423DA7E6F00529AFE /* SwipeableCardView.xib */ = {isa = PBXFileReference; lastKnownFileType = file.xib; path = SwipeableCardView.xib; sourceTree = "<group>"; };
		52D757B223F8E8C200DA4589 /* NavigationViewController+Extension.swift */ = {isa = PBXFileReference; lastKnownFileType = sourcecode.swift; path = "NavigationViewController+Extension.swift"; sourceTree = "<group>"; };
		52DCEDCA23CEA8C000D5D659 /* UIColor+Utils.swift */ = {isa = PBXFileReference; lastKnownFileType = sourcecode.swift; path = "UIColor+Utils.swift"; sourceTree = "<group>"; };
		52EA85BF23C959E3000AA80B /* PMPButton.swift */ = {isa = PBXFileReference; lastKnownFileType = sourcecode.swift; path = PMPButton.swift; sourceTree = "<group>"; };
		52F609EF23D699F3005BCA61 /* PMPTextField.swift */ = {isa = PBXFileReference; lastKnownFileType = sourcecode.swift; path = PMPTextField.swift; sourceTree = "<group>"; };
/* End PBXFileReference section */

/* Begin PBXFrameworksBuildPhase section */
		521DF7BF23BEA47A00B275A9 /* Frameworks */ = {
			isa = PBXFrameworksBuildPhase;
			buildActionMask = 2147483647;
			files = (
			);
			runOnlyForDeploymentPostprocessing = 0;
		};
		521DF7D523BEA47B00B275A9 /* Frameworks */ = {
			isa = PBXFrameworksBuildPhase;
			buildActionMask = 2147483647;
			files = (
			);
			runOnlyForDeploymentPostprocessing = 0;
		};
/* End PBXFrameworksBuildPhase section */

/* Begin PBXGroup section */
		520F7DF923FB32FB00A2F70A /* Cells */ = {
			isa = PBXGroup;
			children = (
			);
			path = Cells;
			sourceTree = "<group>";
		};
		521DF7B923BEA47900B275A9 = {
			isa = PBXGroup;
			children = (
				521DF7C423BEA47A00B275A9 /* PetMyPet */,
				521DF7DB23BEA47B00B275A9 /* PetMyPetTests */,
				521DF7C323BEA47A00B275A9 /* Products */,
			);
			sourceTree = "<group>";
		};
		521DF7C323BEA47A00B275A9 /* Products */ = {
			isa = PBXGroup;
			children = (
				521DF7C223BEA47A00B275A9 /* Pet My Pet.app */,
				521DF7D823BEA47B00B275A9 /* PetMyPetTests.xctest */,
			);
			name = Products;
			sourceTree = "<group>";
		};
		521DF7C423BEA47A00B275A9 /* PetMyPet */ = {
			isa = PBXGroup;
			children = (
				521DF7E823BEAFE500B275A9 /* Helpers */,
				521DF7F023BEB36D00B275A9 /* Sections */,
				521DF7C523BEA47A00B275A9 /* AppDelegate.swift */,
				521DF7C723BEA47A00B275A9 /* SceneDelegate.swift */,
				521DF7CB23BEA47B00B275A9 /* Assets.xcassets */,
				521DF7D023BEA47B00B275A9 /* LaunchScreen.storyboard */,
				521DF7D323BEA47B00B275A9 /* Info.plist */,
				521DF7CD23BEA47B00B275A9 /* Preview Content */,
			);
			path = PetMyPet;
			sourceTree = "<group>";
		};
		521DF7CD23BEA47B00B275A9 /* Preview Content */ = {
			isa = PBXGroup;
			children = (
				521DF7CE23BEA47B00B275A9 /* Preview Assets.xcassets */,
			);
			path = "Preview Content";
			sourceTree = "<group>";
		};
		521DF7DB23BEA47B00B275A9 /* PetMyPetTests */ = {
			isa = PBXGroup;
			children = (
				521DF7DC23BEA47B00B275A9 /* PetMyPetTests.swift */,
				521DF7DE23BEA47B00B275A9 /* Info.plist */,
			);
			path = PetMyPetTests;
			sourceTree = "<group>";
		};
		521DF7E723BEAFD700B275A9 /* Coordinator */ = {
			isa = PBXGroup;
			children = (
				521DF7E923BEB00E00B275A9 /* BaseCoordinator.swift */,
				521DF7EB23BEB02A00B275A9 /* Coordinator.swift */,
				521DF7ED23BEB04000B275A9 /* AppCoordinator.swift */,
				52D757B223F8E8C200DA4589 /* NavigationViewController+Extension.swift */,
			);
			path = Coordinator;
			sourceTree = "<group>";
		};
		521DF7E823BEAFE500B275A9 /* Helpers */ = {
			isa = PBXGroup;
			children = (
				52DCEDC923CEA8AF00D5D659 /* Utils */,
				52223EDC23C3EFAC004E9B4B /* Components */,
				521DF7EF23BEB27F00B275A9 /* Protocols */,
			);
			path = Helpers;
			sourceTree = "<group>";
		};
		521DF7EF23BEB27F00B275A9 /* Protocols */ = {
			isa = PBXGroup;
			children = (
				5254F02F23DA75CD00529AFE /* Swipe */,
				521DF7E723BEAFD700B275A9 /* Coordinator */,
			);
			path = Protocols;
			sourceTree = "<group>";
		};
		521DF7F023BEB36D00B275A9 /* Sections */ = {
			isa = PBXGroup;
			children = (
				5233275E23C6B37400ED014E /* Login */,
				52223EDB23C3EF78004E9B4B /* PersonalData */,
				521DF7F123BEB38600B275A9 /* Home */,
			);
			path = Sections;
			sourceTree = "<group>";
		};
		521DF7F123BEB38600B275A9 /* Home */ = {
			isa = PBXGroup;
			children = (
				521DF7F623BEB3BF00B275A9 /* Model */,
				521DF7F423BEB3B400B275A9 /* View */,
				521DF7F523BEB3B700B275A9 /* ViewModel */,
				521DF7F323BEB3AD00B275A9 /* Coordinator */,
			);
			path = Home;
			sourceTree = "<group>";
		};
		521DF7F323BEB3AD00B275A9 /* Coordinator */ = {
			isa = PBXGroup;
			children = (
				521DF7F723BEB3E700B275A9 /* HomeCoordinator.swift */,
				521DF7F923BEB4C500B275A9 /* HomeCoordinatorDelegate.swift */,
			);
			path = Coordinator;
			sourceTree = "<group>";
		};
		521DF7F423BEB3B400B275A9 /* View */ = {
			isa = PBXGroup;
			children = (
				52223ECB23C3ED8B004E9B4B /* Cells */,
				521DF7FD23BEB53E00B275A9 /* HomeViewController.swift */,
				521DF7FE23BEB53E00B275A9 /* HomeViewController.xib */,
			);
			path = View;
			sourceTree = "<group>";
		};
		521DF7F523BEB3B700B275A9 /* ViewModel */ = {
			isa = PBXGroup;
			children = (
				521DF7FB23BEB50000B275A9 /* HomeViewModel.swift */,
			);
			path = ViewModel;
			sourceTree = "<group>";
		};
		521DF7F623BEB3BF00B275A9 /* Model */ = {
			isa = PBXGroup;
			children = (
			);
			path = Model;
			sourceTree = "<group>";
		};
		52223ECB23C3ED8B004E9B4B /* Cells */ = {
			isa = PBXGroup;
			children = (
			);
			path = Cells;
			sourceTree = "<group>";
		};
		52223ECC23C3EDCE004E9B4B /* Settings */ = {
			isa = PBXGroup;
			children = (
				52223ED023C3EDF1004E9B4B /* Model */,
				52223ECE23C3EDE5004E9B4B /* View */,
				52223ECF23C3EDEB004E9B4B /* ViewModel */,
				52223ECD23C3EDD9004E9B4B /* Coordinator */,
			);
			path = Settings;
			sourceTree = "<group>";
		};
		52223ECD23C3EDD9004E9B4B /* Coordinator */ = {
			isa = PBXGroup;
			children = (
				52223ED123C3EE24004E9B4B /* SettingsCoordinator.swift */,
				52223ED323C3EE35004E9B4B /* SettingsCoordinatorDelegate.swift */,
			);
			path = Coordinator;
			sourceTree = "<group>";
		};
		52223ECE23C3EDE5004E9B4B /* View */ = {
			isa = PBXGroup;
			children = (
				520F7DF923FB32FB00A2F70A /* Cells */,
				52223ED723C3EED9004E9B4B /* SettingsViewController.swift */,
				52223ED823C3EED9004E9B4B /* SettingsViewController.xib */,
			);
			path = View;
			sourceTree = "<group>";
		};
		52223ECF23C3EDEB004E9B4B /* ViewModel */ = {
			isa = PBXGroup;
			children = (
				52223ED523C3EEBC004E9B4B /* SettingsViewModel.swift */,
			);
			path = ViewModel;
			sourceTree = "<group>";
		};
		52223ED023C3EDF1004E9B4B /* Model */ = {
			isa = PBXGroup;
			children = (
			);
			path = Model;
			sourceTree = "<group>";
		};
		52223EDB23C3EF78004E9B4B /* PersonalData */ = {
			isa = PBXGroup;
			children = (
				52223ECC23C3EDCE004E9B4B /* Settings */,
			);
			path = PersonalData;
			sourceTree = "<group>";
		};
		52223EDC23C3EFAC004E9B4B /* Components */ = {
			isa = PBXGroup;
			children = (
				52EA85BF23C959E3000AA80B /* PMPButton.swift */,
				52F609EF23D699F3005BCA61 /* PMPTextField.swift */,
			);
			path = Components;
			sourceTree = "<group>";
		};
		5233275E23C6B37400ED014E /* Login */ = {
			isa = PBXGroup;
			children = (
				5233275F23C6B38D00ED014E /* Model */,
				5233276023C6B39D00ED014E /* View */,
				5233276123C6B3A400ED014E /* ViewModel */,
				5233276223C6B3AB00ED014E /* Coordinator */,
			);
			path = Login;
			sourceTree = "<group>";
		};
		5233275F23C6B38D00ED014E /* Model */ = {
			isa = PBXGroup;
			children = (
			);
			path = Model;
			sourceTree = "<group>";
		};
		5233276023C6B39D00ED014E /* View */ = {
			isa = PBXGroup;
			children = (
				5233276923C6B55B00ED014E /* LoginViewController.swift */,
				5233276A23C6B55B00ED014E /* LoginViewController.xib */,
			);
			path = View;
			sourceTree = "<group>";
		};
		5233276123C6B3A400ED014E /* ViewModel */ = {
			isa = PBXGroup;
			children = (
				5233276723C6B52300ED014E /* LoginViewModel.swift */,
			);
			path = ViewModel;
			sourceTree = "<group>";
		};
		5233276223C6B3AB00ED014E /* Coordinator */ = {
			isa = PBXGroup;
			children = (
				5233276323C6B48900ED014E /* LoginCoordinator.swift */,
				5233276523C6B4EA00ED014E /* LoginCoordinatorDelegate.swift */,
			);
			path = Coordinator;
			sourceTree = "<group>";
		};
		5254F02F23DA75CD00529AFE /* Swipe */ = {
			isa = PBXGroup;
			children = (
				5254F03223DA7D1700529AFE /* SwipeableCardView.swift */,
				5254F03423DA7E6F00529AFE /* SwipeableCardView.xib */,
			);
			path = Swipe;
			sourceTree = "<group>";
		};
		52DCEDC923CEA8AF00D5D659 /* Utils */ = {
			isa = PBXGroup;
			children = (
				52DCEDCA23CEA8C000D5D659 /* UIColor+Utils.swift */,
			);
			path = Utils;
			sourceTree = "<group>";
		};
/* End PBXGroup section */

/* Begin PBXNativeTarget section */
		521DF7C123BEA47A00B275A9 /* PetMyPet */ = {
			isa = PBXNativeTarget;
			buildConfigurationList = 521DF7E123BEA47B00B275A9 /* Build configuration list for PBXNativeTarget "PetMyPet" */;
			buildPhases = (
				521DF7BE23BEA47A00B275A9 /* Sources */,
				521DF7BF23BEA47A00B275A9 /* Frameworks */,
				521DF7C023BEA47A00B275A9 /* Resources */,
			);
			buildRules = (
			);
			dependencies = (
			);
			name = PetMyPet;
			productName = PetMyPet;
			productReference = 521DF7C223BEA47A00B275A9 /* Pet My Pet.app */;
			productType = "com.apple.product-type.application";
		};
		521DF7D723BEA47B00B275A9 /* PetMyPetTests */ = {
			isa = PBXNativeTarget;
			buildConfigurationList = 521DF7E423BEA47B00B275A9 /* Build configuration list for PBXNativeTarget "PetMyPetTests" */;
			buildPhases = (
				521DF7D423BEA47B00B275A9 /* Sources */,
				521DF7D523BEA47B00B275A9 /* Frameworks */,
				521DF7D623BEA47B00B275A9 /* Resources */,
			);
			buildRules = (
			);
			dependencies = (
				521DF7DA23BEA47B00B275A9 /* PBXTargetDependency */,
			);
			name = PetMyPetTests;
			productName = PetMyPetTests;
			productReference = 521DF7D823BEA47B00B275A9 /* PetMyPetTests.xctest */;
			productType = "com.apple.product-type.bundle.unit-test";
		};
/* End PBXNativeTarget section */

/* Begin PBXProject section */
		521DF7BA23BEA47900B275A9 /* Project object */ = {
			isa = PBXProject;
			attributes = {
				LastSwiftUpdateCheck = 1130;
				LastUpgradeCheck = 1130;
				ORGANIZATIONNAME = "Tiago Oliveira";
				TargetAttributes = {
					521DF7C123BEA47A00B275A9 = {
						CreatedOnToolsVersion = 11.3;
					};
					521DF7D723BEA47B00B275A9 = {
						CreatedOnToolsVersion = 11.3;
						TestTargetID = 521DF7C123BEA47A00B275A9;
					};
				};
			};
			buildConfigurationList = 521DF7BD23BEA47900B275A9 /* Build configuration list for PBXProject "PetMyPet" */;
			compatibilityVersion = "Xcode 9.3";
			developmentRegion = en;
			hasScannedForEncodings = 0;
			knownRegions = (
				en,
				Base,
			);
			mainGroup = 521DF7B923BEA47900B275A9;
			productRefGroup = 521DF7C323BEA47A00B275A9 /* Products */;
			projectDirPath = "";
			projectRoot = "";
			targets = (
				521DF7C123BEA47A00B275A9 /* PetMyPet */,
				521DF7D723BEA47B00B275A9 /* PetMyPetTests */,
			);
		};
/* End PBXProject section */

/* Begin PBXResourcesBuildPhase section */
		521DF7C023BEA47A00B275A9 /* Resources */ = {
			isa = PBXResourcesBuildPhase;
			buildActionMask = 2147483647;
			files = (
				521DF7D223BEA47B00B275A9 /* LaunchScreen.storyboard in Resources */,
				521DF7CF23BEA47B00B275A9 /* Preview Assets.xcassets in Resources */,
				5233276C23C6B55B00ED014E /* LoginViewController.xib in Resources */,
				5254F03523DA7E7000529AFE /* SwipeableCardView.xib in Resources */,
				521DF7CC23BEA47B00B275A9 /* Assets.xcassets in Resources */,
				521DF80023BEB53E00B275A9 /* HomeViewController.xib in Resources */,
				52223EDA23C3EED9004E9B4B /* SettingsViewController.xib in Resources */,
			);
			runOnlyForDeploymentPostprocessing = 0;
		};
		521DF7D623BEA47B00B275A9 /* Resources */ = {
			isa = PBXResourcesBuildPhase;
			buildActionMask = 2147483647;
			files = (
			);
			runOnlyForDeploymentPostprocessing = 0;
		};
/* End PBXResourcesBuildPhase section */

/* Begin PBXSourcesBuildPhase section */
		521DF7BE23BEA47A00B275A9 /* Sources */ = {
			isa = PBXSourcesBuildPhase;
			buildActionMask = 2147483647;
			files = (
				521DF7EC23BEB02A00B275A9 /* Coordinator.swift in Sources */,
				521DF7C623BEA47A00B275A9 /* AppDelegate.swift in Sources */,
				52D757B323F8E8C200DA4589 /* NavigationViewController+Extension.swift in Sources */,
				5233276423C6B48900ED014E /* LoginCoordinator.swift in Sources */,
				521DF7EE23BEB04000B275A9 /* AppCoordinator.swift in Sources */,
				5233276823C6B52300ED014E /* LoginViewModel.swift in Sources */,
				5233276623C6B4EA00ED014E /* LoginCoordinatorDelegate.swift in Sources */,
				52223ED423C3EE35004E9B4B /* SettingsCoordinatorDelegate.swift in Sources */,
				52F609F023D699F3005BCA61 /* PMPTextField.swift in Sources */,
				521DF7FC23BEB50000B275A9 /* HomeViewModel.swift in Sources */,
				521DF7FA23BEB4C500B275A9 /* HomeCoordinatorDelegate.swift in Sources */,
				52EA85C023C959E3000AA80B /* PMPButton.swift in Sources */,
				52223ED223C3EE24004E9B4B /* SettingsCoordinator.swift in Sources */,
				521DF7FF23BEB53E00B275A9 /* HomeViewController.swift in Sources */,
				521DF7EA23BEB00E00B275A9 /* BaseCoordinator.swift in Sources */,
				5254F03323DA7D1700529AFE /* SwipeableCardView.swift in Sources */,
				521DF7C823BEA47A00B275A9 /* SceneDelegate.swift in Sources */,
				5233276B23C6B55B00ED014E /* LoginViewController.swift in Sources */,
				52223ED923C3EED9004E9B4B /* SettingsViewController.swift in Sources */,
				521DF7F823BEB3E700B275A9 /* HomeCoordinator.swift in Sources */,
				52223ED623C3EEBC004E9B4B /* SettingsViewModel.swift in Sources */,
				52DCEDCB23CEA8C000D5D659 /* UIColor+Utils.swift in Sources */,
			);
			runOnlyForDeploymentPostprocessing = 0;
		};
		521DF7D423BEA47B00B275A9 /* Sources */ = {
			isa = PBXSourcesBuildPhase;
			buildActionMask = 2147483647;
			files = (
				521DF7DD23BEA47B00B275A9 /* PetMyPetTests.swift in Sources */,
			);
			runOnlyForDeploymentPostprocessing = 0;
		};
/* End PBXSourcesBuildPhase section */

/* Begin PBXTargetDependency section */
		521DF7DA23BEA47B00B275A9 /* PBXTargetDependency */ = {
			isa = PBXTargetDependency;
			target = 521DF7C123BEA47A00B275A9 /* PetMyPet */;
			targetProxy = 521DF7D923BEA47B00B275A9 /* PBXContainerItemProxy */;
		};
/* End PBXTargetDependency section */

/* Begin PBXVariantGroup section */
		521DF7D023BEA47B00B275A9 /* LaunchScreen.storyboard */ = {
			isa = PBXVariantGroup;
			children = (
				521DF7D123BEA47B00B275A9 /* Base */,
			);
			name = LaunchScreen.storyboard;
			sourceTree = "<group>";
		};
/* End PBXVariantGroup section */

/* Begin XCBuildConfiguration section */
		521DF7DF23BEA47B00B275A9 /* Debug */ = {
			isa = XCBuildConfiguration;
			buildSettings = {
				ALWAYS_SEARCH_USER_PATHS = NO;
				CLANG_ANALYZER_NONNULL = YES;
				CLANG_ANALYZER_NUMBER_OBJECT_CONVERSION = YES_AGGRESSIVE;
				CLANG_CXX_LANGUAGE_STANDARD = "gnu++14";
				CLANG_CXX_LIBRARY = "libc++";
				CLANG_ENABLE_MODULES = YES;
				CLANG_ENABLE_OBJC_ARC = YES;
				CLANG_ENABLE_OBJC_WEAK = YES;
				CLANG_WARN_BLOCK_CAPTURE_AUTORELEASING = YES;
				CLANG_WARN_BOOL_CONVERSION = YES;
				CLANG_WARN_COMMA = YES;
				CLANG_WARN_CONSTANT_CONVERSION = YES;
				CLANG_WARN_DEPRECATED_OBJC_IMPLEMENTATIONS = YES;
				CLANG_WARN_DIRECT_OBJC_ISA_USAGE = YES_ERROR;
				CLANG_WARN_DOCUMENTATION_COMMENTS = YES;
				CLANG_WARN_EMPTY_BODY = YES;
				CLANG_WARN_ENUM_CONVERSION = YES;
				CLANG_WARN_INFINITE_RECURSION = YES;
				CLANG_WARN_INT_CONVERSION = YES;
				CLANG_WARN_NON_LITERAL_NULL_CONVERSION = YES;
				CLANG_WARN_OBJC_IMPLICIT_RETAIN_SELF = YES;
				CLANG_WARN_OBJC_LITERAL_CONVERSION = YES;
				CLANG_WARN_OBJC_ROOT_CLASS = YES_ERROR;
				CLANG_WARN_RANGE_LOOP_ANALYSIS = YES;
				CLANG_WARN_STRICT_PROTOTYPES = YES;
				CLANG_WARN_SUSPICIOUS_MOVE = YES;
				CLANG_WARN_UNGUARDED_AVAILABILITY = YES_AGGRESSIVE;
				CLANG_WARN_UNREACHABLE_CODE = YES;
				CLANG_WARN__DUPLICATE_METHOD_MATCH = YES;
				COPY_PHASE_STRIP = NO;
				DEBUG_INFORMATION_FORMAT = dwarf;
				ENABLE_STRICT_OBJC_MSGSEND = YES;
				ENABLE_TESTABILITY = YES;
				GCC_C_LANGUAGE_STANDARD = gnu11;
				GCC_DYNAMIC_NO_PIC = NO;
				GCC_NO_COMMON_BLOCKS = YES;
				GCC_OPTIMIZATION_LEVEL = 0;
				GCC_PREPROCESSOR_DEFINITIONS = (
					"DEBUG=1",
					"$(inherited)",
				);
				GCC_WARN_64_TO_32_BIT_CONVERSION = YES;
				GCC_WARN_ABOUT_RETURN_TYPE = YES_ERROR;
				GCC_WARN_UNDECLARED_SELECTOR = YES;
				GCC_WARN_UNINITIALIZED_AUTOS = YES_AGGRESSIVE;
				GCC_WARN_UNUSED_FUNCTION = YES;
				GCC_WARN_UNUSED_VARIABLE = YES;
				IPHONEOS_DEPLOYMENT_TARGET = 13.2;
				MTL_ENABLE_DEBUG_INFO = INCLUDE_SOURCE;
				MTL_FAST_MATH = YES;
				ONLY_ACTIVE_ARCH = YES;
				SDKROOT = iphoneos;
				SWIFT_ACTIVE_COMPILATION_CONDITIONS = DEBUG;
				SWIFT_OPTIMIZATION_LEVEL = "-Onone";
			};
			name = Debug;
		};
		521DF7E023BEA47B00B275A9 /* Release */ = {
			isa = XCBuildConfiguration;
			buildSettings = {
				ALWAYS_SEARCH_USER_PATHS = NO;
				CLANG_ANALYZER_NONNULL = YES;
				CLANG_ANALYZER_NUMBER_OBJECT_CONVERSION = YES_AGGRESSIVE;
				CLANG_CXX_LANGUAGE_STANDARD = "gnu++14";
				CLANG_CXX_LIBRARY = "libc++";
				CLANG_ENABLE_MODULES = YES;
				CLANG_ENABLE_OBJC_ARC = YES;
				CLANG_ENABLE_OBJC_WEAK = YES;
				CLANG_WARN_BLOCK_CAPTURE_AUTORELEASING = YES;
				CLANG_WARN_BOOL_CONVERSION = YES;
				CLANG_WARN_COMMA = YES;
				CLANG_WARN_CONSTANT_CONVERSION = YES;
				CLANG_WARN_DEPRECATED_OBJC_IMPLEMENTATIONS = YES;
				CLANG_WARN_DIRECT_OBJC_ISA_USAGE = YES_ERROR;
				CLANG_WARN_DOCUMENTATION_COMMENTS = YES;
				CLANG_WARN_EMPTY_BODY = YES;
				CLANG_WARN_ENUM_CONVERSION = YES;
				CLANG_WARN_INFINITE_RECURSION = YES;
				CLANG_WARN_INT_CONVERSION = YES;
				CLANG_WARN_NON_LITERAL_NULL_CONVERSION = YES;
				CLANG_WARN_OBJC_IMPLICIT_RETAIN_SELF = YES;
				CLANG_WARN_OBJC_LITERAL_CONVERSION = YES;
				CLANG_WARN_OBJC_ROOT_CLASS = YES_ERROR;
				CLANG_WARN_RANGE_LOOP_ANALYSIS = YES;
				CLANG_WARN_STRICT_PROTOTYPES = YES;
				CLANG_WARN_SUSPICIOUS_MOVE = YES;
				CLANG_WARN_UNGUARDED_AVAILABILITY = YES_AGGRESSIVE;
				CLANG_WARN_UNREACHABLE_CODE = YES;
				CLANG_WARN__DUPLICATE_METHOD_MATCH = YES;
				COPY_PHASE_STRIP = NO;
				DEBUG_INFORMATION_FORMAT = "dwarf-with-dsym";
				ENABLE_NS_ASSERTIONS = NO;
				ENABLE_STRICT_OBJC_MSGSEND = YES;
				GCC_C_LANGUAGE_STANDARD = gnu11;
				GCC_NO_COMMON_BLOCKS = YES;
				GCC_WARN_64_TO_32_BIT_CONVERSION = YES;
				GCC_WARN_ABOUT_RETURN_TYPE = YES_ERROR;
				GCC_WARN_UNDECLARED_SELECTOR = YES;
				GCC_WARN_UNINITIALIZED_AUTOS = YES_AGGRESSIVE;
				GCC_WARN_UNUSED_FUNCTION = YES;
				GCC_WARN_UNUSED_VARIABLE = YES;
				IPHONEOS_DEPLOYMENT_TARGET = 13.2;
				MTL_ENABLE_DEBUG_INFO = NO;
				MTL_FAST_MATH = YES;
				SDKROOT = iphoneos;
				SWIFT_COMPILATION_MODE = wholemodule;
				SWIFT_OPTIMIZATION_LEVEL = "-O";
				VALIDATE_PRODUCT = YES;
			};
			name = Release;
		};
		521DF7E223BEA47B00B275A9 /* Debug */ = {
			isa = XCBuildConfiguration;
			buildSettings = {
				ASSETCATALOG_COMPILER_APPICON_NAME = AppIcon;
				CODE_SIGN_STYLE = Automatic;
				DEVELOPMENT_ASSET_PATHS = "\"PetMyPet/Preview Content\"";
				DEVELOPMENT_TEAM = X9469P8892;
				ENABLE_PREVIEWS = YES;
				INFOPLIST_FILE = PetMyPet/Info.plist;
				LD_RUNPATH_SEARCH_PATHS = (
					"$(inherited)",
					"@executable_path/Frameworks",
				);
				PRODUCT_BUNDLE_IDENTIFIER = br.com.oliveira.PetMyPet;
				PRODUCT_NAME = "Pet My Pet";
				SWIFT_VERSION = 5.0;
				TARGETED_DEVICE_FAMILY = "1,2";
			};
			name = Debug;
		};
		521DF7E323BEA47B00B275A9 /* Release */ = {
			isa = XCBuildConfiguration;
			buildSettings = {
				ASSETCATALOG_COMPILER_APPICON_NAME = AppIcon;
				CODE_SIGN_STYLE = Automatic;
				DEVELOPMENT_ASSET_PATHS = "\"PetMyPet/Preview Content\"";
				DEVELOPMENT_TEAM = X9469P8892;
				ENABLE_PREVIEWS = YES;
				INFOPLIST_FILE = PetMyPet/Info.plist;
				LD_RUNPATH_SEARCH_PATHS = (
					"$(inherited)",
					"@executable_path/Frameworks",
				);
				PRODUCT_BUNDLE_IDENTIFIER = br.com.oliveira.PetMyPet;
				PRODUCT_NAME = "Pet My Pet";
				SWIFT_VERSION = 5.0;
				TARGETED_DEVICE_FAMILY = "1,2";
			};
			name = Release;
		};
		521DF7E523BEA47B00B275A9 /* Debug */ = {
			isa = XCBuildConfiguration;
			buildSettings = {
				ALWAYS_EMBED_SWIFT_STANDARD_LIBRARIES = YES;
				BUNDLE_LOADER = "$(TEST_HOST)";
				CODE_SIGN_STYLE = Automatic;
				DEVELOPMENT_TEAM = X9469P8892;
				INFOPLIST_FILE = PetMyPetTests/Info.plist;
				IPHONEOS_DEPLOYMENT_TARGET = 13.2;
				LD_RUNPATH_SEARCH_PATHS = (
					"$(inherited)",
					"@executable_path/Frameworks",
					"@loader_path/Frameworks",
				);
				PRODUCT_BUNDLE_IDENTIFIER = br.com.oliveira.PetMyPetTests;
				PRODUCT_NAME = "$(TARGET_NAME)";
				SWIFT_VERSION = 5.0;
				TARGETED_DEVICE_FAMILY = "1,2";
				TEST_HOST = "$(BUILT_PRODUCTS_DIR)/PetMyPet.app/PetMyPet";
			};
			name = Debug;
		};
		521DF7E623BEA47B00B275A9 /* Release */ = {
			isa = XCBuildConfiguration;
			buildSettings = {
				ALWAYS_EMBED_SWIFT_STANDARD_LIBRARIES = YES;
				BUNDLE_LOADER = "$(TEST_HOST)";
				CODE_SIGN_STYLE = Automatic;
				DEVELOPMENT_TEAM = X9469P8892;
				INFOPLIST_FILE = PetMyPetTests/Info.plist;
				IPHONEOS_DEPLOYMENT_TARGET = 13.2;
				LD_RUNPATH_SEARCH_PATHS = (
					"$(inherited)",
					"@executable_path/Frameworks",
					"@loader_path/Frameworks",
				);
				PRODUCT_BUNDLE_IDENTIFIER = br.com.oliveira.PetMyPetTests;
				PRODUCT_NAME = "$(TARGET_NAME)";
				SWIFT_VERSION = 5.0;
				TARGETED_DEVICE_FAMILY = "1,2";
				TEST_HOST = "$(BUILT_PRODUCTS_DIR)/PetMyPet.app/PetMyPet";
			};
			name = Release;
		};
/* End XCBuildConfiguration section */

/* Begin XCConfigurationList section */
		521DF7BD23BEA47900B275A9 /* Build configuration list for PBXProject "PetMyPet" */ = {
			isa = XCConfigurationList;
			buildConfigurations = (
				521DF7DF23BEA47B00B275A9 /* Debug */,
				521DF7E023BEA47B00B275A9 /* Release */,
			);
			defaultConfigurationIsVisible = 0;
			defaultConfigurationName = Release;
		};
		521DF7E123BEA47B00B275A9 /* Build configuration list for PBXNativeTarget "PetMyPet" */ = {
			isa = XCConfigurationList;
			buildConfigurations = (
				521DF7E223BEA47B00B275A9 /* Debug */,
				521DF7E323BEA47B00B275A9 /* Release */,
			);
			defaultConfigurationIsVisible = 0;
			defaultConfigurationName = Release;
		};
		521DF7E423BEA47B00B275A9 /* Build configuration list for PBXNativeTarget "PetMyPetTests" */ = {
			isa = XCConfigurationList;
			buildConfigurations = (
				521DF7E523BEA47B00B275A9 /* Debug */,
				521DF7E623BEA47B00B275A9 /* Release */,
			);
			defaultConfigurationIsVisible = 0;
			defaultConfigurationName = Release;
		};
/* End XCConfigurationList section */
	};
	rootObject = 521DF7BA23BEA47900B275A9 /* Project object */;
}
